// !$*UTF8*$!
{
	archiveVersion = 1;
	classes = {
	};
	objectVersion = 56;
	objects = {

/* Begin PBXBuildFile section */
		137F70BB2AC542B400DCF47C /* ToDoListSwiftDataApp.swift in Sources */ = {isa = PBXBuildFile; fileRef = 137F70BA2AC542B400DCF47C /* ToDoListSwiftDataApp.swift */; };
		137F70BD2AC542B400DCF47C /* ContentView.swift in Sources */ = {isa = PBXBuildFile; fileRef = 137F70BC2AC542B400DCF47C /* ContentView.swift */; };
		137F70BF2AC542B600DCF47C /* Assets.xcassets in Resources */ = {isa = PBXBuildFile; fileRef = 137F70BE2AC542B600DCF47C /* Assets.xcassets */; };
		137F70C22AC542B600DCF47C /* Preview Assets.xcassets in Resources */ = {isa = PBXBuildFile; fileRef = 137F70C12AC542B600DCF47C /* Preview Assets.xcassets */; };
		137F70D62AC5CB7C00DCF47C /* TodoItem.swift in Sources */ = {isa = PBXBuildFile; fileRef = 137F70D52AC5CB7C00DCF47C /* TodoItem.swift */; };
		137F70D92AC5CC3100DCF47C /* AddTodo.swift in Sources */ = {isa = PBXBuildFile; fileRef = 137F70D82AC5CC3100DCF47C /* AddTodo.swift */; };
		137F70DD2AC5E84900DCF47C /* TodoList.swift in Sources */ = {isa = PBXBuildFile; fileRef = 137F70DC2AC5E84900DCF47C /* TodoList.swift */; };
/* End PBXBuildFile section */

/* Begin PBXFileReference section */
		137F70B72AC542B400DCF47C /* ToDoListSwiftData.app */ = {isa = PBXFileReference; explicitFileType = wrapper.application; includeInIndex = 0; path = ToDoListSwiftData.app; sourceTree = BUILT_PRODUCTS_DIR; };
		137F70BA2AC542B400DCF47C /* ToDoListSwiftDataApp.swift */ = {isa = PBXFileReference; lastKnownFileType = sourcecode.swift; path = ToDoListSwiftDataApp.swift; sourceTree = "<group>"; };
		137F70BC2AC542B400DCF47C /* ContentView.swift */ = {isa = PBXFileReference; lastKnownFileType = sourcecode.swift; path = ContentView.swift; sourceTree = "<group>"; };
		137F70BE2AC542B600DCF47C /* Assets.xcassets */ = {isa = PBXFileReference; lastKnownFileType = folder.assetcatalog; path = Assets.xcassets; sourceTree = "<group>"; };
		137F70C12AC542B600DCF47C /* Preview Assets.xcassets */ = {isa = PBXFileReference; lastKnownFileType = folder.assetcatalog; path = "Preview Assets.xcassets"; sourceTree = "<group>"; };
		137F70D52AC5CB7C00DCF47C /* TodoItem.swift */ = {isa = PBXFileReference; lastKnownFileType = sourcecode.swift; path = TodoItem.swift; sourceTree = "<group>"; };
		137F70D82AC5CC3100DCF47C /* AddTodo.swift */ = {isa = PBXFileReference; lastKnownFileType = sourcecode.swift; path = AddTodo.swift; sourceTree = "<group>"; };
		137F70DC2AC5E84900DCF47C /* TodoList.swift */ = {isa = PBXFileReference; lastKnownFileType = sourcecode.swift; path = TodoList.swift; sourceTree = "<group>"; };
/* End PBXFileReference section */

/* Begin PBXFrameworksBuildPhase section */
		137F70B42AC542B400DCF47C /* Frameworks */ = {
			isa = PBXFrameworksBuildPhase;
			buildActionMask = 2147483647;
			files = (
			);
			runOnlyForDeploymentPostprocessing = 0;
		};
/* End PBXFrameworksBuildPhase section */

/* Begin PBXGroup section */
		137F70AE2AC542B400DCF47C = {
			isa = PBXGroup;
			children = (
				137F70B92AC542B400DCF47C /* ToDoListSwiftData */,
				137F70B82AC542B400DCF47C /* Products */,
			);
			sourceTree = "<group>";
		};
		137F70B82AC542B400DCF47C /* Products */ = {
			isa = PBXGroup;
			children = (
				137F70B72AC542B400DCF47C /* ToDoListSwiftData.app */,
			);
			name = Products;
			sourceTree = "<group>";
		};
		137F70B92AC542B400DCF47C /* ToDoListSwiftData */ = {
			isa = PBXGroup;
			children = (
				137F70CF2AC5489000DCF47C /* model */,
				137F70CA2AC5440800DCF47C /* views */,
				137F70BA2AC542B400DCF47C /* ToDoListSwiftDataApp.swift */,
				137F70BC2AC542B400DCF47C /* ContentView.swift */,
				137F70BE2AC542B600DCF47C /* Assets.xcassets */,
				137F70C02AC542B600DCF47C /* Preview Content */,
			);
			path = ToDoListSwiftData;
			sourceTree = "<group>";
		};
		137F70C02AC542B600DCF47C /* Preview Content */ = {
			isa = PBXGroup;
			children = (
				137F70C12AC542B600DCF47C /* Preview Assets.xcassets */,
			);
			path = "Preview Content";
			sourceTree = "<group>";
		};
		137F70CA2AC5440800DCF47C /* views */ = {
			isa = PBXGroup;
			children = (
				137F70D82AC5CC3100DCF47C /* AddTodo.swift */,
				137F70DC2AC5E84900DCF47C /* TodoList.swift */,
			);
			path = views;
			sourceTree = "<group>";
		};
		137F70CF2AC5489000DCF47C /* model */ = {
			isa = PBXGroup;
			children = (
				137F70D52AC5CB7C00DCF47C /* TodoItem.swift */,
			);
			path = model;
			sourceTree = "<group>";
		};
/* End PBXGroup section */

/* Begin PBXNativeTarget section */
		137F70B62AC542B400DCF47C /* ToDoListSwiftData */ = {
			isa = PBXNativeTarget;
			buildConfigurationList = 137F70C52AC542B600DCF47C /* Build configuration list for PBXNativeTarget "ToDoListSwiftData" */;
			buildPhases = (
				137F70B32AC542B400DCF47C /* Sources */,
				137F70B42AC542B400DCF47C /* Frameworks */,
				137F70B52AC542B400DCF47C /* Resources */,
			);
			buildRules = (
			);
			dependencies = (
			);
			name = ToDoListSwiftData;
			productName = ToDoListSwiftData;
			productReference = 137F70B72AC542B400DCF47C /* ToDoListSwiftData.app */;
			productType = "com.apple.product-type.application";
		};
/* End PBXNativeTarget section */

/* Begin PBXProject section */
		137F70AF2AC542B400DCF47C /* Project object */ = {
			isa = PBXProject;
			attributes = {
				BuildIndependentTargetsInParallel = 1;
				LastSwiftUpdateCheck = 1500;
				LastUpgradeCheck = 1500;
				TargetAttributes = {
					137F70B62AC542B400DCF47C = {
						CreatedOnToolsVersion = 15.0;
					};
				};
			};
			buildConfigurationList = 137F70B22AC542B400DCF47C /* Build configuration list for PBXProject "ToDoListSwiftData" */;
			compatibilityVersion = "Xcode 14.0";
			developmentRegion = en;
			hasScannedForEncodings = 0;
			knownRegions = (
				en,
				Base,
			);
			mainGroup = 137F70AE2AC542B400DCF47C;
			productRefGroup = 137F70B82AC542B400DCF47C /* Products */;
			projectDirPath = "";
			projectRoot = "";
			targets = (
				137F70B62AC542B400DCF47C /* ToDoListSwiftData */,
			);
		};
/* End PBXProject section */

/* Begin PBXResourcesBuildPhase section */
		137F70B52AC542B400DCF47C /* Resources */ = {
			isa = PBXResourcesBuildPhase;
			buildActionMask = 2147483647;
			files = (
				137F70C22AC542B600DCF47C /* Preview Assets.xcassets in Resources */,
				137F70BF2AC542B600DCF47C /* Assets.xcassets in Resources */,
			);
			runOnlyForDeploymentPostprocessing = 0;
		};
/* End PBXResourcesBuildPhase section */

/* Begin PBXSourcesBuildPhase section */
		137F70B32AC542B400DCF47C /* Sources */ = {
			isa = PBXSourcesBuildPhase;
			buildActionMask = 2147483647;
			files = (
				137F70DD2AC5E84900DCF47C /* TodoList.swift in Sources */,
				137F70BD2AC542B400DCF47C /* ContentView.swift in Sources */,
				137F70D62AC5CB7C00DCF47C /* TodoItem.swift in Sources */,
				137F70BB2AC542B400DCF47C /* ToDoListSwiftDataApp.swift in Sources */,
				137F70D92AC5CC3100DCF47C /* AddTodo.swift in Sources */,
			);
			runOnlyForDeploymentPostprocessing = 0;
		};
/* End PBXSourcesBuildPhase section */

/* Begin XCBuildConfiguration section */
		137F70C32AC542B600DCF47C /* Debug */ = {
			isa = XCBuildConfiguration;
			buildSettings = {
				ALWAYS_SEARCH_USER_PATHS = NO;
				ASSETCATALOG_COMPILER_GENERATE_SWIFT_ASSET_SYMBOL_EXTENSIONS = YES;
				CLANG_ANALYZER_NONNULL = YES;
				CLANG_ANALYZER_NUMBER_OBJECT_CONVERSION = YES_AGGRESSIVE;
				CLANG_CXX_LANGUAGE_STANDARD = "gnu++20";
				CLANG_ENABLE_MODULES = YES;
				CLANG_ENABLE_OBJC_ARC = YES;
				CLANG_ENABLE_OBJC_WEAK = YES;
				CLANG_WARN_BLOCK_CAPTURE_AUTORELEASING = YES;
				CLANG_WARN_BOOL_CONVERSION = YES;
				CLANG_WARN_COMMA = YES;
				CLANG_WARN_CONSTANT_CONVERSION = YES;
				CLANG_WARN_DEPRECATED_OBJC_IMPLEMENTATIONS = YES;
				CLANG_WARN_DIRECT_OBJC_ISA_USAGE = YES_ERROR;
				CLANG_WARN_DOCUMENTATION_COMMENTS = YES;
				CLANG_WARN_EMPTY_BODY = YES;
				CLANG_WARN_ENUM_CONVERSION = YES;
				CLANG_WARN_INFINITE_RECURSION = YES;
				CLANG_WARN_INT_CONVERSION = YES;
				CLANG_WARN_NON_LITERAL_NULL_CONVERSION = YES;
				CLANG_WARN_OBJC_IMPLICIT_RETAIN_SELF = YES;
				CLANG_WARN_OBJC_LITERAL_CONVERSION = YES;
				CLANG_WARN_OBJC_ROOT_CLASS = YES_ERROR;
				CLANG_WARN_QUOTED_INCLUDE_IN_FRAMEWORK_HEADER = YES;
				CLANG_WARN_RANGE_LOOP_ANALYSIS = YES;
				CLANG_WARN_STRICT_PROTOTYPES = YES;
				CLANG_WARN_SUSPICIOUS_MOVE = YES;
				CLANG_WARN_UNGUARDED_AVAILABILITY = YES_AGGRESSIVE;
				CLANG_WARN_UNREACHABLE_CODE = YES;
				CLANG_WARN__DUPLICATE_METHOD_MATCH = YES;
				COPY_PHASE_STRIP = NO;
				DEBUG_INFORMATION_FORMAT = dwarf;
				ENABLE_STRICT_OBJC_MSGSEND = YES;
				ENABLE_TESTABILITY = YES;
				ENABLE_USER_SCRIPT_SANDBOXING = YES;
				GCC_C_LANGUAGE_STANDARD = gnu17;
				GCC_DYNAMIC_NO_PIC = NO;
				GCC_NO_COMMON_BLOCKS = YES;
				GCC_OPTIMIZATION_LEVEL = 0;
				GCC_PREPROCESSOR_DEFINITIONS = (
					"DEBUG=1",
					"$(inherited)",
				);
				GCC_WARN_64_TO_32_BIT_CONVERSION = YES;
				GCC_WARN_ABOUT_RETURN_TYPE = YES_ERROR;
				GCC_WARN_UNDECLARED_SELECTOR = YES;
				GCC_WARN_UNINITIALIZED_AUTOS = YES_AGGRESSIVE;
				GCC_WARN_UNUSED_FUNCTION = YES;
				GCC_WARN_UNUSED_VARIABLE = YES;
				IPHONEOS_DEPLOYMENT_TARGET = 17.0;
				LOCALIZATION_PREFERS_STRING_CATALOGS = YES;
				MTL_ENABLE_DEBUG_INFO = INCLUDE_SOURCE;
				MTL_FAST_MATH = YES;
				ONLY_ACTIVE_ARCH = YES;
				SDKROOT = iphoneos;
				SWIFT_ACTIVE_COMPILATION_CONDITIONS = "DEBUG $(inherited)";
				SWIFT_OPTIMIZATION_LEVEL = "-Onone";
			};
			name = Debug;
		};
		137F70C42AC542B600DCF47C /* Release */ = {
			isa = XCBuildConfiguration;
			buildSettings = {
				ALWAYS_SEARCH_USER_PATHS = NO;
				ASSETCATALOG_COMPILER_GENERATE_SWIFT_ASSET_SYMBOL_EXTENSIONS = YES;
				CLANG_ANALYZER_NONNULL = YES;
				CLANG_ANALYZER_NUMBER_OBJECT_CONVERSION = YES_AGGRESSIVE;
				CLANG_CXX_LANGUAGE_STANDARD = "gnu++20";
				CLANG_ENABLE_MODULES = YES;
				CLANG_ENABLE_OBJC_ARC = YES;
				CLANG_ENABLE_OBJC_WEAK = YES;
				CLANG_WARN_BLOCK_CAPTURE_AUTORELEASING = YES;
				CLANG_WARN_BOOL_CONVERSION = YES;
				CLANG_WARN_COMMA = YES;
				CLANG_WARN_CONSTANT_CONVERSION = YES;
				CLANG_WARN_DEPRECATED_OBJC_IMPLEMENTATIONS = YES;
				CLANG_WARN_DIRECT_OBJC_ISA_USAGE = YES_ERROR;
				CLANG_WARN_DOCUMENTATION_COMMENTS = YES;
				CLANG_WARN_EMPTY_BODY = YES;
				CLANG_WARN_ENUM_CONVERSION = YES;
				CLANG_WARN_INFINITE_RECURSION = YES;
				CLANG_WARN_INT_CONVERSION = YES;
				CLANG_WARN_NON_LITERAL_NULL_CONVERSION = YES;
				CLANG_WARN_OBJC_IMPLICIT_RETAIN_SELF = YES;
				CLANG_WARN_OBJC_LITERAL_CONVERSION = YES;
				CLANG_WARN_OBJC_ROOT_CLASS = YES_ERROR;
				CLANG_WARN_QUOTED_INCLUDE_IN_FRAMEWORK_HEADER = YES;
				CLANG_WARN_RANGE_LOOP_ANALYSIS = YES;
				CLANG_WARN_STRICT_PROTOTYPES = YES;
				CLANG_WARN_SUSPICIOUS_MOVE = YES;
				CLANG_WARN_UNGUARDED_AVAILABILITY = YES_AGGRESSIVE;
				CLANG_WARN_UNREACHABLE_CODE = YES;
				CLANG_WARN__DUPLICATE_METHOD_MATCH = YES;
				COPY_PHASE_STRIP = NO;
				DEBUG_INFORMATION_FORMAT = "dwarf-with-dsym";
				ENABLE_NS_ASSERTIONS = NO;
				ENABLE_STRICT_OBJC_MSGSEND = YES;
				ENABLE_USER_SCRIPT_SANDBOXING = YES;
				GCC_C_LANGUAGE_STANDARD = gnu17;
				GCC_NO_COMMON_BLOCKS = YES;
				GCC_WARN_64_TO_32_BIT_CONVERSION = YES;
				GCC_WARN_ABOUT_RETURN_TYPE = YES_ERROR;
				GCC_WARN_UNDECLARED_SELECTOR = YES;
				GCC_WARN_UNINITIALIZED_AUTOS = YES_AGGRESSIVE;
				GCC_WARN_UNUSED_FUNCTION = YES;
				GCC_WARN_UNUSED_VARIABLE = YES;
				IPHONEOS_DEPLOYMENT_TARGET = 17.0;
				LOCALIZATION_PREFERS_STRING_CATALOGS = YES;
				MTL_ENABLE_DEBUG_INFO = NO;
				MTL_FAST_MATH = YES;
				SDKROOT = iphoneos;
				SWIFT_COMPILATION_MODE = wholemodule;
				VALIDATE_PRODUCT = YES;
			};
			name = Release;
		};
		137F70C62AC542B600DCF47C /* Debug */ = {
			isa = XCBuildConfiguration;
			buildSettings = {
				ASSETCATALOG_COMPILER_APPICON_NAME = AppIcon;
				ASSETCATALOG_COMPILER_GLOBAL_ACCENT_COLOR_NAME = AccentColor;
				CODE_SIGN_STYLE = Automatic;
				CURRENT_PROJECT_VERSION = 1;
				DEVELOPMENT_ASSET_PATHS = "\"ToDoListSwiftData/Preview Content\"";
				ENABLE_PREVIEWS = YES;
				GENERATE_INFOPLIST_FILE = YES;
				INFOPLIST_KEY_UIApplicationSceneManifest_Generation = YES;
				INFOPLIST_KEY_UIApplicationSupportsIndirectInputEvents = YES;
				INFOPLIST_KEY_UILaunchScreen_Generation = YES;
				INFOPLIST_KEY_UISupportedInterfaceOrientations_iPad = "UIInterfaceOrientationPortrait UIInterfaceOrientationPortraitUpsideDown UIInterfaceOrientationLandscapeLeft UIInterfaceOrientationLandscapeRight";
				INFOPLIST_KEY_UISupportedInterfaceOrientations_iPhone = "UIInterfaceOrientationPortrait UIInterfaceOrientationLandscapeLeft UIInterfaceOrientationLandscapeRight";
				LD_RUNPATH_SEARCH_PATHS = (
					"$(inherited)",
					"@executable_path/Frameworks",
				);
				MARKETING_VERSION = 1.0;
				PRODUCT_BUNDLE_IDENTIFIER = manisha.ToDoListSwiftData;
				PRODUCT_NAME = "$(TARGET_NAME)";
				SWIFT_EMIT_LOC_STRINGS = YES;
				SWIFT_VERSION = 5.0;
				TARGETED_DEVICE_FAMILY = "1,2";
			};
			name = Debug;
		};
		137F70C72AC542B600DCF47C /* Release */ = {
			isa = XCBuildConfiguration;
			buildSettings = {
				ASSETCATALOG_COMPILER_APPICON_NAME = AppIcon;
				ASSETCATALOG_COMPILER_GLOBAL_ACCENT_COLOR_NAME = AccentColor;
				CODE_SIGN_STYLE = Automatic;
				CURRENT_PROJECT_VERSION = 1;
				DEVELOPMENT_ASSET_PATHS = "\"ToDoListSwiftData/Preview Content\"";
				ENABLE_PREVIEWS = YES;
				GENERATE_INFOPLIST_FILE = YES;
				INFOPLIST_KEY_UIApplicationSceneManifest_Generation = YES;
				INFOPLIST_KEY_UIApplicationSupportsIndirectInputEvents = YES;
				INFOPLIST_KEY_UILaunchScreen_Generation = YES;
				INFOPLIST_KEY_UISupportedInterfaceOrientations_iPad = "UIInterfaceOrientationPortrait UIInterfaceOrientationPortraitUpsideDown UIInterfaceOrientationLandscapeLeft UIInterfaceOrientationLandscapeRight";
				INFOPLIST_KEY_UISupportedInterfaceOrientations_iPhone = "UIInterfaceOrientationPortrait UIInterfaceOrientationLandscapeLeft UIInterfaceOrientationLandscapeRight";
				LD_RUNPATH_SEARCH_PATHS = (
					"$(inherited)",
					"@executable_path/Frameworks",
				);
				MARKETING_VERSION = 1.0;
				PRODUCT_BUNDLE_IDENTIFIER = manisha.ToDoListSwiftData;
				PRODUCT_NAME = "$(TARGET_NAME)";
				SWIFT_EMIT_LOC_STRINGS = YES;
				SWIFT_VERSION = 5.0;
				TARGETED_DEVICE_FAMILY = "1,2";
			};
			name = Release;
		};
/* End XCBuildConfiguration section */

/* Begin XCConfigurationList section */
		137F70B22AC542B400DCF47C /* Build configuration list for PBXProject "ToDoListSwiftData" */ = {
			isa = XCConfigurationList;
			buildConfigurations = (
				137F70C32AC542B600DCF47C /* Debug */,
				137F70C42AC542B600DCF47C /* Release */,
			);
			defaultConfigurationIsVisible = 0;
			defaultConfigurationName = Release;
		};
		137F70C52AC542B600DCF47C /* Build configuration list for PBXNativeTarget "ToDoListSwiftData" */ = {
			isa = XCConfigurationList;
			buildConfigurations = (
				137F70C62AC542B600DCF47C /* Debug */,
				137F70C72AC542B600DCF47C /* Release */,
			);
			defaultConfigurationIsVisible = 0;
			defaultConfigurationName = Release;
		};
/* End XCConfigurationList section */
	};
	rootObject = 137F70AF2AC542B400DCF47C /* Project object */;
}
