// !$*UTF8*$!
{
	archiveVersion = 1;
	classes = {
	};
	objectVersion = 56;
	objects = {

/* Begin PBXBuildFile section */
		137F710B2AC68F3B00DCF47C /* IBLApp.swift in Sources */ = {isa = PBXBuildFile; fileRef = 137F710A2AC68F3B00DCF47C /* IBLApp.swift */; };
		137F710D2AC68F3B00DCF47C /* ContentView.swift in Sources */ = {isa = PBXBuildFile; fileRef = 137F710C2AC68F3B00DCF47C /* ContentView.swift */; };
		137F710F2AC68F3D00DCF47C /* Assets.xcassets in Resources */ = {isa = PBXBuildFile; fileRef = 137F710E2AC68F3D00DCF47C /* Assets.xcassets */; };
		137F71122AC68F3D00DCF47C /* Preview Assets.xcassets in Resources */ = {isa = PBXBuildFile; fileRef = 137F71112AC68F3D00DCF47C /* Preview Assets.xcassets */; };
		137F711A2AC68F7400DCF47C /* IBLList.swift in Sources */ = {isa = PBXBuildFile; fileRef = 137F71192AC68F7400DCF47C /* IBLList.swift */; };
		137F711C2AC68F8400DCF47C /* NewIBL.swift in Sources */ = {isa = PBXBuildFile; fileRef = 137F711B2AC68F8400DCF47C /* NewIBL.swift */; };
		137F711E2AC6912100DCF47C /* IBLModel.swift in Sources */ = {isa = PBXBuildFile; fileRef = 137F711D2AC6912100DCF47C /* IBLModel.swift */; };
/* End PBXBuildFile section */

/* Begin PBXFileReference section */
		137F71072AC68F3B00DCF47C /* IBL.app */ = {isa = PBXFileReference; explicitFileType = wrapper.application; includeInIndex = 0; path = IBL.app; sourceTree = BUILT_PRODUCTS_DIR; };
		137F710A2AC68F3B00DCF47C /* IBLApp.swift */ = {isa = PBXFileReference; lastKnownFileType = sourcecode.swift; path = IBLApp.swift; sourceTree = "<group>"; };
		137F710C2AC68F3B00DCF47C /* ContentView.swift */ = {isa = PBXFileReference; lastKnownFileType = sourcecode.swift; path = ContentView.swift; sourceTree = "<group>"; };
		137F710E2AC68F3D00DCF47C /* Assets.xcassets */ = {isa = PBXFileReference; lastKnownFileType = folder.assetcatalog; path = Assets.xcassets; sourceTree = "<group>"; };
		137F71112AC68F3D00DCF47C /* Preview Assets.xcassets */ = {isa = PBXFileReference; lastKnownFileType = folder.assetcatalog; path = "Preview Assets.xcassets"; sourceTree = "<group>"; };
		137F71192AC68F7400DCF47C /* IBLList.swift */ = {isa = PBXFileReference; lastKnownFileType = sourcecode.swift; path = IBLList.swift; sourceTree = "<group>"; };
		137F711B2AC68F8400DCF47C /* NewIBL.swift */ = {isa = PBXFileReference; lastKnownFileType = sourcecode.swift; path = NewIBL.swift; sourceTree = "<group>"; };
		137F711D2AC6912100DCF47C /* IBLModel.swift */ = {isa = PBXFileReference; lastKnownFileType = sourcecode.swift; path = IBLModel.swift; sourceTree = "<group>"; };
/* End PBXFileReference section */

/* Begin PBXFrameworksBuildPhase section */
		137F71042AC68F3B00DCF47C /* Frameworks */ = {
			isa = PBXFrameworksBuildPhase;
			buildActionMask = 2147483647;
			files = (
			);
			runOnlyForDeploymentPostprocessing = 0;
		};
/* End PBXFrameworksBuildPhase section */

/* Begin PBXGroup section */
		137F70FE2AC68F3B00DCF47C = {
			isa = PBXGroup;
			children = (
				137F71092AC68F3B00DCF47C /* IBL */,
				137F71082AC68F3B00DCF47C /* Products */,
			);
			sourceTree = "<group>";
		};
		137F71082AC68F3B00DCF47C /* Products */ = {
			isa = PBXGroup;
			children = (
				137F71072AC68F3B00DCF47C /* IBL.app */,
			);
			name = Products;
			sourceTree = "<group>";
		};
		137F71092AC68F3B00DCF47C /* IBL */ = {
			isa = PBXGroup;
			children = (
				137F711F2AC6912600DCF47C /* model */,
				137F71182AC68F5600DCF47C /* views */,
				137F710A2AC68F3B00DCF47C /* IBLApp.swift */,
				137F710C2AC68F3B00DCF47C /* ContentView.swift */,
				137F710E2AC68F3D00DCF47C /* Assets.xcassets */,
				137F71102AC68F3D00DCF47C /* Preview Content */,
			);
			path = IBL;
			sourceTree = "<group>";
		};
		137F71102AC68F3D00DCF47C /* Preview Content */ = {
			isa = PBXGroup;
			children = (
				137F71112AC68F3D00DCF47C /* Preview Assets.xcassets */,
			);
			path = "Preview Content";
			sourceTree = "<group>";
		};
		137F71182AC68F5600DCF47C /* views */ = {
			isa = PBXGroup;
			children = (
				137F71192AC68F7400DCF47C /* IBLList.swift */,
				137F711B2AC68F8400DCF47C /* NewIBL.swift */,
			);
			path = views;
			sourceTree = "<group>";
		};
		137F711F2AC6912600DCF47C /* model */ = {
			isa = PBXGroup;
			children = (
				137F711D2AC6912100DCF47C /* IBLModel.swift */,
			);
			path = model;
			sourceTree = "<group>";
		};
/* End PBXGroup section */

/* Begin PBXNativeTarget section */
		137F71062AC68F3B00DCF47C /* IBL */ = {
			isa = PBXNativeTarget;
			buildConfigurationList = 137F71152AC68F3D00DCF47C /* Build configuration list for PBXNativeTarget "IBL" */;
			buildPhases = (
				137F71032AC68F3B00DCF47C /* Sources */,
				137F71042AC68F3B00DCF47C /* Frameworks */,
				137F71052AC68F3B00DCF47C /* Resources */,
			);
			buildRules = (
			);
			dependencies = (
			);
			name = IBL;
			productName = IBL;
			productReference = 137F71072AC68F3B00DCF47C /* IBL.app */;
			productType = "com.apple.product-type.application";
		};
/* End PBXNativeTarget section */

/* Begin PBXProject section */
		137F70FF2AC68F3B00DCF47C /* Project object */ = {
			isa = PBXProject;
			attributes = {
				BuildIndependentTargetsInParallel = 1;
				LastSwiftUpdateCheck = 1500;
				LastUpgradeCheck = 1500;
				TargetAttributes = {
					137F71062AC68F3B00DCF47C = {
						CreatedOnToolsVersion = 15.0;
					};
				};
			};
			buildConfigurationList = 137F71022AC68F3B00DCF47C /* Build configuration list for PBXProject "IBL" */;
			compatibilityVersion = "Xcode 14.0";
			developmentRegion = en;
			hasScannedForEncodings = 0;
			knownRegions = (
				en,
				Base,
			);
			mainGroup = 137F70FE2AC68F3B00DCF47C;
			productRefGroup = 137F71082AC68F3B00DCF47C /* Products */;
			projectDirPath = "";
			projectRoot = "";
			targets = (
				137F71062AC68F3B00DCF47C /* IBL */,
			);
		};
/* End PBXProject section */

/* Begin PBXResourcesBuildPhase section */
		137F71052AC68F3B00DCF47C /* Resources */ = {
			isa = PBXResourcesBuildPhase;
			buildActionMask = 2147483647;
			files = (
				137F71122AC68F3D00DCF47C /* Preview Assets.xcassets in Resources */,
				137F710F2AC68F3D00DCF47C /* Assets.xcassets in Resources */,
			);
			runOnlyForDeploymentPostprocessing = 0;
		};
/* End PBXResourcesBuildPhase section */

/* Begin PBXSourcesBuildPhase section */
		137F71032AC68F3B00DCF47C /* Sources */ = {
			isa = PBXSourcesBuildPhase;
			buildActionMask = 2147483647;
			files = (
				137F711C2AC68F8400DCF47C /* NewIBL.swift in Sources */,
				137F710D2AC68F3B00DCF47C /* ContentView.swift in Sources */,
				137F710B2AC68F3B00DCF47C /* IBLApp.swift in Sources */,
				137F711E2AC6912100DCF47C /* IBLModel.swift in Sources */,
				137F711A2AC68F7400DCF47C /* IBLList.swift in Sources */,
			);
			runOnlyForDeploymentPostprocessing = 0;
		};
/* End PBXSourcesBuildPhase section */

/* Begin XCBuildConfiguration section */
		137F71132AC68F3D00DCF47C /* Debug */ = {
			isa = XCBuildConfiguration;
			buildSettings = {
				ALWAYS_SEARCH_USER_PATHS = NO;
				ASSETCATALOG_COMPILER_GENERATE_SWIFT_ASSET_SYMBOL_EXTENSIONS = YES;
				CLANG_ANALYZER_NONNULL = YES;
				CLANG_ANALYZER_NUMBER_OBJECT_CONVERSION = YES_AGGRESSIVE;
				CLANG_CXX_LANGUAGE_STANDARD = "gnu++20";
				CLANG_ENABLE_MODULES = YES;
				CLANG_ENABLE_OBJC_ARC = YES;
				CLANG_ENABLE_OBJC_WEAK = YES;
				CLANG_WARN_BLOCK_CAPTURE_AUTORELEASING = YES;
				CLANG_WARN_BOOL_CONVERSION = YES;
				CLANG_WARN_COMMA = YES;
				CLANG_WARN_CONSTANT_CONVERSION = YES;
				CLANG_WARN_DEPRECATED_OBJC_IMPLEMENTATIONS = YES;
				CLANG_WARN_DIRECT_OBJC_ISA_USAGE = YES_ERROR;
				CLANG_WARN_DOCUMENTATION_COMMENTS = YES;
				CLANG_WARN_EMPTY_BODY = YES;
				CLANG_WARN_ENUM_CONVERSION = YES;
				CLANG_WARN_INFINITE_RECURSION = YES;
				CLANG_WARN_INT_CONVERSION = YES;
				CLANG_WARN_NON_LITERAL_NULL_CONVERSION = YES;
				CLANG_WARN_OBJC_IMPLICIT_RETAIN_SELF = YES;
				CLANG_WARN_OBJC_LITERAL_CONVERSION = YES;
				CLANG_WARN_OBJC_ROOT_CLASS = YES_ERROR;
				CLANG_WARN_QUOTED_INCLUDE_IN_FRAMEWORK_HEADER = YES;
				CLANG_WARN_RANGE_LOOP_ANALYSIS = YES;
				CLANG_WARN_STRICT_PROTOTYPES = YES;
				CLANG_WARN_SUSPICIOUS_MOVE = YES;
				CLANG_WARN_UNGUARDED_AVAILABILITY = YES_AGGRESSIVE;
				CLANG_WARN_UNREACHABLE_CODE = YES;
				CLANG_WARN__DUPLICATE_METHOD_MATCH = YES;
				COPY_PHASE_STRIP = NO;
				DEBUG_INFORMATION_FORMAT = dwarf;
				ENABLE_STRICT_OBJC_MSGSEND = YES;
				ENABLE_TESTABILITY = YES;
				ENABLE_USER_SCRIPT_SANDBOXING = YES;
				GCC_C_LANGUAGE_STANDARD = gnu17;
				GCC_DYNAMIC_NO_PIC = NO;
				GCC_NO_COMMON_BLOCKS = YES;
				GCC_OPTIMIZATION_LEVEL = 0;
				GCC_PREPROCESSOR_DEFINITIONS = (
					"DEBUG=1",
					"$(inherited)",
				);
				GCC_WARN_64_TO_32_BIT_CONVERSION = YES;
				GCC_WARN_ABOUT_RETURN_TYPE = YES_ERROR;
				GCC_WARN_UNDECLARED_SELECTOR = YES;
				GCC_WARN_UNINITIALIZED_AUTOS = YES_AGGRESSIVE;
				GCC_WARN_UNUSED_FUNCTION = YES;
				GCC_WARN_UNUSED_VARIABLE = YES;
				IPHONEOS_DEPLOYMENT_TARGET = 17.0;
				LOCALIZATION_PREFERS_STRING_CATALOGS = YES;
				MTL_ENABLE_DEBUG_INFO = INCLUDE_SOURCE;
				MTL_FAST_MATH = YES;
				ONLY_ACTIVE_ARCH = YES;
				SDKROOT = iphoneos;
				SWIFT_ACTIVE_COMPILATION_CONDITIONS = "DEBUG $(inherited)";
				SWIFT_OPTIMIZATION_LEVEL = "-Onone";
			};
			name = Debug;
		};
		137F71142AC68F3D00DCF47C /* Release */ = {
			isa = XCBuildConfiguration;
			buildSettings = {
				ALWAYS_SEARCH_USER_PATHS = NO;
				ASSETCATALOG_COMPILER_GENERATE_SWIFT_ASSET_SYMBOL_EXTENSIONS = YES;
				CLANG_ANALYZER_NONNULL = YES;
				CLANG_ANALYZER_NUMBER_OBJECT_CONVERSION = YES_AGGRESSIVE;
				CLANG_CXX_LANGUAGE_STANDARD = "gnu++20";
				CLANG_ENABLE_MODULES = YES;
				CLANG_ENABLE_OBJC_ARC = YES;
				CLANG_ENABLE_OBJC_WEAK = YES;
				CLANG_WARN_BLOCK_CAPTURE_AUTORELEASING = YES;
				CLANG_WARN_BOOL_CONVERSION = YES;
				CLANG_WARN_COMMA = YES;
				CLANG_WARN_CONSTANT_CONVERSION = YES;
				CLANG_WARN_DEPRECATED_OBJC_IMPLEMENTATIONS = YES;
				CLANG_WARN_DIRECT_OBJC_ISA_USAGE = YES_ERROR;
				CLANG_WARN_DOCUMENTATION_COMMENTS = YES;
				CLANG_WARN_EMPTY_BODY = YES;
				CLANG_WARN_ENUM_CONVERSION = YES;
				CLANG_WARN_INFINITE_RECURSION = YES;
				CLANG_WARN_INT_CONVERSION = YES;
				CLANG_WARN_NON_LITERAL_NULL_CONVERSION = YES;
				CLANG_WARN_OBJC_IMPLICIT_RETAIN_SELF = YES;
				CLANG_WARN_OBJC_LITERAL_CONVERSION = YES;
				CLANG_WARN_OBJC_ROOT_CLASS = YES_ERROR;
				CLANG_WARN_QUOTED_INCLUDE_IN_FRAMEWORK_HEADER = YES;
				CLANG_WARN_RANGE_LOOP_ANALYSIS = YES;
				CLANG_WARN_STRICT_PROTOTYPES = YES;
				CLANG_WARN_SUSPICIOUS_MOVE = YES;
				CLANG_WARN_UNGUARDED_AVAILABILITY = YES_AGGRESSIVE;
				CLANG_WARN_UNREACHABLE_CODE = YES;
				CLANG_WARN__DUPLICATE_METHOD_MATCH = YES;
				COPY_PHASE_STRIP = NO;
				DEBUG_INFORMATION_FORMAT = "dwarf-with-dsym";
				ENABLE_NS_ASSERTIONS = NO;
				ENABLE_STRICT_OBJC_MSGSEND = YES;
				ENABLE_USER_SCRIPT_SANDBOXING = YES;
				GCC_C_LANGUAGE_STANDARD = gnu17;
				GCC_NO_COMMON_BLOCKS = YES;
				GCC_WARN_64_TO_32_BIT_CONVERSION = YES;
				GCC_WARN_ABOUT_RETURN_TYPE = YES_ERROR;
				GCC_WARN_UNDECLARED_SELECTOR = YES;
				GCC_WARN_UNINITIALIZED_AUTOS = YES_AGGRESSIVE;
				GCC_WARN_UNUSED_FUNCTION = YES;
				GCC_WARN_UNUSED_VARIABLE = YES;
				IPHONEOS_DEPLOYMENT_TARGET = 17.0;
				LOCALIZATION_PREFERS_STRING_CATALOGS = YES;
				MTL_ENABLE_DEBUG_INFO = NO;
				MTL_FAST_MATH = YES;
				SDKROOT = iphoneos;
				SWIFT_COMPILATION_MODE = wholemodule;
				VALIDATE_PRODUCT = YES;
			};
			name = Release;
		};
		137F71162AC68F3D00DCF47C /* Debug */ = {
			isa = XCBuildConfiguration;
			buildSettings = {
				ASSETCATALOG_COMPILER_APPICON_NAME = AppIcon;
				ASSETCATALOG_COMPILER_GLOBAL_ACCENT_COLOR_NAME = AccentColor;
				CODE_SIGN_STYLE = Automatic;
				CURRENT_PROJECT_VERSION = 1;
				DEVELOPMENT_ASSET_PATHS = "\"IBL/Preview Content\"";
				ENABLE_PREVIEWS = YES;
				GENERATE_INFOPLIST_FILE = YES;
				INFOPLIST_KEY_UIApplicationSceneManifest_Generation = YES;
				INFOPLIST_KEY_UIApplicationSupportsIndirectInputEvents = YES;
				INFOPLIST_KEY_UILaunchScreen_Generation = YES;
				INFOPLIST_KEY_UISupportedInterfaceOrientations_iPad = "UIInterfaceOrientationPortrait UIInterfaceOrientationPortraitUpsideDown UIInterfaceOrientationLandscapeLeft UIInterfaceOrientationLandscapeRight";
				INFOPLIST_KEY_UISupportedInterfaceOrientations_iPhone = "UIInterfaceOrientationPortrait UIInterfaceOrientationLandscapeLeft UIInterfaceOrientationLandscapeRight";
				LD_RUNPATH_SEARCH_PATHS = (
					"$(inherited)",
					"@executable_path/Frameworks",
				);
				MARKETING_VERSION = 1.0;
				PRODUCT_BUNDLE_IDENTIFIER = manisha.IBL;
				PRODUCT_NAME = "$(TARGET_NAME)";
				SWIFT_EMIT_LOC_STRINGS = YES;
				SWIFT_VERSION = 5.0;
				TARGETED_DEVICE_FAMILY = "1,2";
			};
			name = Debug;
		};
		137F71172AC68F3D00DCF47C /* Release */ = {
			isa = XCBuildConfiguration;
			buildSettings = {
				ASSETCATALOG_COMPILER_APPICON_NAME = AppIcon;
				ASSETCATALOG_COMPILER_GLOBAL_ACCENT_COLOR_NAME = AccentColor;
				CODE_SIGN_STYLE = Automatic;
				CURRENT_PROJECT_VERSION = 1;
				DEVELOPMENT_ASSET_PATHS = "\"IBL/Preview Content\"";
				ENABLE_PREVIEWS = YES;
				GENERATE_INFOPLIST_FILE = YES;
				INFOPLIST_KEY_UIApplicationSceneManifest_Generation = YES;
				INFOPLIST_KEY_UIApplicationSupportsIndirectInputEvents = YES;
				INFOPLIST_KEY_UILaunchScreen_Generation = YES;
				INFOPLIST_KEY_UISupportedInterfaceOrientations_iPad = "UIInterfaceOrientationPortrait UIInterfaceOrientationPortraitUpsideDown UIInterfaceOrientationLandscapeLeft UIInterfaceOrientationLandscapeRight";
				INFOPLIST_KEY_UISupportedInterfaceOrientations_iPhone = "UIInterfaceOrientationPortrait UIInterfaceOrientationLandscapeLeft UIInterfaceOrientationLandscapeRight";
				LD_RUNPATH_SEARCH_PATHS = (
					"$(inherited)",
					"@executable_path/Frameworks",
				);
				MARKETING_VERSION = 1.0;
				PRODUCT_BUNDLE_IDENTIFIER = manisha.IBL;
				PRODUCT_NAME = "$(TARGET_NAME)";
				SWIFT_EMIT_LOC_STRINGS = YES;
				SWIFT_VERSION = 5.0;
				TARGETED_DEVICE_FAMILY = "1,2";
			};
			name = Release;
		};
/* End XCBuildConfiguration section */

/* Begin XCConfigurationList section */
		137F71022AC68F3B00DCF47C /* Build configuration list for PBXProject "IBL" */ = {
			isa = XCConfigurationList;
			buildConfigurations = (
				137F71132AC68F3D00DCF47C /* Debug */,
				137F71142AC68F3D00DCF47C /* Release */,
			);
			defaultConfigurationIsVisible = 0;
			defaultConfigurationName = Release;
		};
		137F71152AC68F3D00DCF47C /* Build configuration list for PBXNativeTarget "IBL" */ = {
			isa = XCConfigurationList;
			buildConfigurations = (
				137F71162AC68F3D00DCF47C /* Debug */,
				137F71172AC68F3D00DCF47C /* Release */,
			);
			defaultConfigurationIsVisible = 0;
			defaultConfigurationName = Release;
		};
/* End XCConfigurationList section */
	};
	rootObject = 137F70FF2AC68F3B00DCF47C /* Project object */;
}
